{
  "nodes": {
    "ambxst": {
      "inputs": {
        "axctl": "axctl",
        "nixpkgs": "nixpkgs"
      },
      "locked": {
        "lastModified": 1789163014,
        "narHash": "sha256-j80F7FCWaHPJEvWlVHihIT+mZS9Bkw5JCBJjLpXjg4w=",
        "owner": "Axenide",
        "repo": "Ambxst",
        "rev": "1e9592a96bf53ee910f153b0a2933d61869571f4",
        "type": "github"
      },
      "original": {
        "owner": "Axenide",
        "repo": "Ambxst",
        "type": "github"
      }
    },
    "axctl": {
      "inputs": {
        "nixpkgs": [
          "ambxst",
          "nixpkgs"
        ]
      },
      "locked": {
        "lastModified": 1788986922,
        "narHash": "sha256-QwrH89TPuG1+zueHENWO0RBonVGWdBcdjx08pJ2bJu0=",
        "owner": "Axenide",
        "repo": "axctl",
        "rev": "86ce5abcecd68e9e828b69885ac3551686066c4a",
        "type": "github"
      },
      "original": {
        "owner": "Axenide",
        "repo": "axctl",
        "type": "github"
      }
    },
    "borderline-lsd": {
      "inputs": {
        "nixpkgs": [
          "nixpkgs"
        ],
        "quickshell": "quickshell"
      },
      "locked": {
        "lastModified": 1790689669,
        "narHash": "sha256-+vdoMjr4Obx2DnQ12SyYbifuqzupQrShE6NZDa4apoE=",
        "owner": "DeprecatedLuar",
        "repo": "borderline-lsd",
        "rev": "7ea1ab4012754376c257aafade54a2d6ba041fd3",
        "type": "github"
      },
      "original": {
        "owner": "DeprecatedLuar",
        "repo": "borderline-lsd",
        "type": "github"
      }
    },
    "flake-file": {
      "locked": {
        "lastModified": 1789150028,
        "narHash": "sha256-o/o3n8+HAzFOFH83SuGW/w5J6glHtV+r8v+gJbMeoXM=",
        "owner": "denful",
        "repo": "flake-file",
        "rev": "eccac77d2c2567efb6f368330930f3d55af8668a",
        "type": "github"
      },
      "original": {
        "owner": "denful",
        "repo": "flake-file",
        "rev": "eccac77d2c2567efb6f368330930f3d55af8668a",
        "type": "github"
      }
    },
    "flake-utils": {
      "inputs": {
        "systems": "systems"
      },
      "locked": {
        "lastModified": 1731533236,
        "narHash": "sha256-l0KFg5HjrsfsO/JpG+r7fRrqm12kzFHyUHqHCVpMMbI=",
        "owner": "numtide",
        "repo": "flake-utils",
        "rev": "11707dc2f618dd54ca8739b309ec4fc024de578b",
        "type": "github"
      },
      "original": {
        "owner": "numtide",
        "repo": "flake-utils",
        "type": "github"
      }
    },
    "flake-utils_2": {
      "inputs": {
        "systems": "systems_2"
      },
      "locked": {
        "lastModified": 1731533236,
        "narHash": "sha256-l0KFg5HjrsfsO/JpG+r7fRrqm12kzFHyUHqHCVpMMbI=",
        "owner": "numtide",
        "repo": "flake-utils",
        "rev": "11707dc2f618dd54ca8739b309ec4fc024de578b",
        "type": "github"
      },
      "original": {
        "owner": "numtide",
        "repo": "flake-utils",
        "type": "github"
      }
    },
    "luxos": {
      "inputs": {
        "nixpkgs": [
          "nixpkgs"
        ]
      },
      "locked": {
        "lastModified": 1791463070,
        "narHash": "sha256-QZdtQ1r9MuAx+G8WMLf61LYiGADV9TAXrIfKlYC0Kr8=",
        "owner": "DeprecatedLuar",
        "repo": "luxos",
        "rev": "8d8bebe4900b5ad133cb77d8ff142aa03cbe4a34",
        "type": "github"
      },
      "original": {
        "owner": "DeprecatedLuar",
        "ref": "main",
        "repo": "luxos",
        "type": "github"
      }
    },
    "nixpkgs": {
      "locked": {
        "lastModified": 1789006805,
        "narHash": "sha256-xB8mKMOx1IA9vTDNLmJZ6n4wCMq/cuWBBOzGCRnqxrU=",
        "owner": "NixOS",
        "repo": "nixpkgs",
        "rev": "8ce4ef6cb6f871616146b9fe26d2a5ae594e94fe",
        "type": "github"
      },
      "original": {
        "owner": "NixOS",
        "ref": "nixos-unstable",
        "repo": "nixpkgs",
        "type": "github"
      }
    },
    "nixpkgs_2": {
      "locked": {
        "lastModified": 1768127708,
        "narHash": "sha256-1Sm77VfZh3mU0F5OqKABNLWxOuDeHIlcFjsXeeiPazs=",
        "owner": "NixOS",
        "repo": "nixpkgs",
        "rev": "ffbc9f8cbaacfb331b6017d5a5abb21a492c9a38",
        "type": "github"
      },
      "original": {
        "id": "nixpkgs",
        "ref": "nixos-unstable",
        "type": "indirect"
      }
    },
    "nixpkgs_3": {
      "locked": {
        "lastModified": 1782847189,
        "narHash": "sha256-twXPFqFsrrY5r28Zh7Homgcp2gUMBgQ6WDS98Q/3xFI=",
        "owner": "NixOS",
        "repo": "nixpkgs",
        "rev": "b6018f87da91d19d0ab4cf979885689b469cdd41",
        "type": "github"
      },
      "original": {
        "owner": "NixOS",
        "ref": "nixos-25.11",
        "repo": "nixpkgs",
        "type": "github"
      }
    },
    "quickshell": {
      "inputs": {
        "nixpkgs": "nixpkgs_2"
      },
      "locked": {
        "lastModified": 1790343625,
        "narHash": "sha256-dLtjYGr1sTihGhsISR71LB17E6m0r18JhF+6BNAHy0M=",
        "ref": "refs/heads/master",
        "rev": "41651d7dcd62a9400eb6f4f8a8580efe00901efb",
        "revCount": 864,
        "type": "git",
        "url": "https://git.outfoxxed.me/quickshell/quickshell"
      },
      "original": {
        "type": "git",
        "url": "https://git.outfoxxed.me/quickshell/quickshell"
      }
    },
    "root": {
      "inputs": {
        "ambxst": "ambxst",
        "borderline-lsd": "borderline-lsd",
        "flake-file": "flake-file",
        "luxos": "luxos",
        "nixpkgs": "nixpkgs_3",
        "tcpeek": "tcpeek",
        "unstable": "unstable",
        "yappers-of-linux": "yappers-of-linux"
      }
    },
    "systems": {
      "locked": {
        "lastModified": 1681028828,
        "narHash": "sha256-Vy1rq5AaRuLzOxct8nz4T6wlgyUR7zLU309k9mBC768=",
        "owner": "nix-systems",
        "repo": "default",
        "rev": "da67096a3b9bf56a91d16901293e51ba5b49a27e",
        "type": "github"
      },
      "original": {
        "owner": "nix-systems",
        "repo": "default",
        "type": "github"
      }
    },
    "systems_2": {
      "locked": {
        "lastModified": 1681028828,
        "narHash": "sha256-Vy1rq5AaRuLzOxct8nz4T6wlgyUR7zLU309k9mBC768=",
        "owner": "nix-systems",
        "repo": "default",
        "rev": "da67096a3b9bf56a91d16901293e51ba5b49a27e",
        "type": "github"
      },
      "original": {
        "owner": "nix-systems",
        "repo": "default",
        "type": "github"
      }
    },
    "tcpeek": {
      "inputs": {
        "flake-utils": "flake-utils",
        "nixpkgs": [
          "nixpkgs"
        ]
      },
      "locked": {
        "lastModified": 1790697870,
        "narHash": "sha256-xKwr5axO0tzSDOSmIw1USgi8M6cl+1k6jxh+NSDX/Jw=",
        "owner": "DeprecatedLuar",
        "repo": "tcpeek",
        "rev": "1c3ad083a370b4e2573788a59a23f99bca61d13e",
        "type": "github"
      },
      "original": {
        "owner": "DeprecatedLuar",
        "repo": "tcpeek",
        "type": "github"
      }
    },
    "unstable": {
      "locked": {
        "lastModified": 1789073787,
        "narHash": "sha256-xfX/toC2QV707s06GbP4II/TxYF0fNQj7s5/LClNDKc=",
        "owner": "NixOS",
        "repo": "nixpkgs",
        "rev": "aff8a0b28396750446e5537a96461bc4facdb287",
        "type": "github"
      },
      "original": {
        "owner": "NixOS",
        "ref": "nixpkgs-unstable",
        "repo": "nixpkgs",
        "type": "github"
      }
    },
    "yappers-of-linux": {
      "inputs": {
        "flake-utils": "flake-utils_2",
        "nixpkgs": [
          "nixpkgs"
        ]
      },
      "locked": {
        "lastModified": 1790678878,
        "narHash": "sha256-cd1+sZXsuTcJQT56b6mi+9M5V0zeB+U7WrWkfQhhdPo=",
        "owner": "DeprecatedLuar",
        "repo": "yappers-of-linux",
        "rev": "73d16895df5adc3047bd916f33f797d388960d8c",
        "type": "github"
      },
      "original": {
        "owner": "DeprecatedLuar",
        "repo": "yappers-of-linux",
        "type": "github"
      }
    }
  },
  "root": "root",
  "version": 7
}
